{
  "originHash" : "f7f7db0d27874cf5e7f33d6b023d2c5ff102c025e82140ecc346dc4798f1aa7c",
  "pins" : [
    {
      "identity" : "swift-argument-parser",
      "kind" : "remoteSourceControl",
      "location" : "https://github.com/apple/swift-argument-parser",
      "state" : {
        "revision" : "6a52f3251125d74daf04fcbd5e6f08a75d074382",
        "version" : "1.8.2"
      }
    },
    {
      "identity" : "swiftterm",
      "kind" : "remoteSourceControl",
      "location" : "https://github.com/b159732000/SwiftTerm.git",
      "state" : {
        "revision" : "d932d763921389e18d26effeb7433df280875c98"
      }
    }
  ],
  "version" : 3
}
