{
  "originHash" : "ae4defd1eb74475215efcf3924ab8fc7647b923544c83de0e8ddc8ea7a44742f",
  "pins" : [
    {
      "identity" : "swift-argument-parser",
      "kind" : "remoteSourceControl",
      "location" : "https://github.com/apple/swift-argument-parser",
      "state" : {
        "revision" : "6a52f3251125d74daf04fcbd5e6f08a75d074382",
        "version" : "1.8.2"
      }
    },
    {
      "identity" : "swiftterm",
      "kind" : "remoteSourceControl",
      "location" : "https://github.com/b159732000/SwiftTerm.git",
      "state" : {
        "revision" : "4c805c690721b8c8c4df2827c41d89fe84418df2"
      }
    }
  ],
  "version" : 3
}
